
Microsoft Visual Studio Solution File, Format Version 12.00
# Visual Studio Version 16
VisualStudioVersion = 16.0.30804.86
MinimumVisualStudioVersion = 10.0.40219.1
Project("{9A19103F-16F7-4668-BE54-9A1E7A4F7556}") = "Castle.DynamicLinqQueryBuilder", "Castle.DynamicLinqQueryBuilder\Castle.DynamicLinqQueryBuilder.csproj", "{C73EA60C-7046-4665-8A79-0E2AA85C43EC}"
EndProject
Project("{FAE04EC0-301F-11D3-BF4B-00C04F79EFBC}") = "Castle.DynamicLinqQueryBuilder.Tests", "Castle.DynamicLinqQueryBuilder.Tests\Castle.DynamicLinqQueryBuilder.Tests.csproj", "{AA125B72-F684-4DF0-803D-7CE45C0B915F}"
EndProject
Project("{FAE04EC0-301F-11D3-BF4B-00C04F79EFBC}") = "Castle.DynamicLinqQueryBuilder.Tests31", "Castle.DynamicLinqQueryBuilder.Tests31\Castle.DynamicLinqQueryBuilder.Tests31.csproj", "{3D18C76A-C7EE-478E-8E20-9834A12706FD}"
EndProject
Global
	GlobalSection(SolutionConfigurationPlatforms) = preSolution
		Debug|Any CPU = Debug|Any CPU
		Release|Any CPU = Release|Any CPU
	EndGlobalSection
	GlobalSection(ProjectConfigurationPlatforms) = postSolution
		{C73EA60C-7046-4665-8A79-0E2AA85C43EC}.Debug|Any CPU.ActiveCfg = Debug|Any CPU
		{C73EA60C-7046-4665-8A79-0E2AA85C43EC}.Debug|Any CPU.Build.0 = Debug|Any CPU
		{C73EA60C-7046-4665-8A79-0E2AA85C43EC}.Release|Any CPU.ActiveCfg = Release|Any CPU
		{C73EA60C-7046-4665-8A79-0E2AA85C43EC}.Release|Any CPU.Build.0 = Release|Any CPU
		{AA125B72-F684-4DF0-803D-7CE45C0B915F}.Debug|Any CPU.ActiveCfg = Debug|Any CPU
		{AA125B72-F684-4DF0-803D-7CE45C0B915F}.Debug|Any CPU.Build.0 = Debug|Any CPU
		{AA125B72-F684-4DF0-803D-7CE45C0B915F}.Release|Any CPU.ActiveCfg = Release|Any CPU
		{AA125B72-F684-4DF0-803D-7CE45C0B915F}.Release|Any CPU.Build.0 = Release|Any CPU
		{3D18C76A-C7EE-478E-8E20-9834A12706FD}.Debug|Any CPU.ActiveCfg = Debug|Any CPU
		{3D18C76A-C7EE-478E-8E20-9834A12706FD}.Debug|Any CPU.Build.0 = Debug|Any CPU
		{3D18C76A-C7EE-478E-8E20-9834A12706FD}.Release|Any CPU.ActiveCfg = Release|Any CPU
		{3D18C76A-C7EE-478E-8E20-9834A12706FD}.Release|Any CPU.Build.0 = Release|Any CPU
	EndGlobalSection
	GlobalSection(SolutionProperties) = preSolution
		HideSolutionNode = FALSE
	EndGlobalSection
	GlobalSection(ExtensibilityGlobals) = postSolution
		SolutionGuid = {D6D73EB7-5984-40FA-848C-D5DBE5326AB9}
	EndGlobalSection
EndGlobal
