
Microsoft Visual Studio Solution File, Format Version 12.00
# Visual Studio Version 17
VisualStudioVersion = 17.1.32210.238
MinimumVisualStudioVersion = 10.0.40219.1
Project("{9A19103F-16F7-4668-BE54-9A1E7A4F7556}") = "Castle.DynamicLinqQueryBuilder", "Castle.DynamicLinqQueryBuilder\Castle.DynamicLinqQueryBuilder.csproj", "{C73EA60C-7046-4665-8A79-0E2AA85C43EC}"
EndProject
Project("{9A19103F-16F7-4668-BE54-9A1E7A4F7556}") = "Castle.DynamicLinqQueryBuilder.SystemTextJson", "Castle.DynamicLinqQueryBuilder.SystemTextJson\Castle.DynamicLinqQueryBuilder.SystemTextJson.csproj", "{22861CF7-71BB-44AF-9630-AC3A59F36838}"
EndProject
Project("{9A19103F-16F7-4668-BE54-9A1E7A4F7556}") = "Castle.DynamicLinqQueryBuilder.Tests", "Castle.DynamicLinqQueryBuilder.Tests\Castle.DynamicLinqQueryBuilder.Tests.csproj", "{09AFE101-7579-423E-B271-1AEFC76DDCD7}"
EndProject
Project("{FAE04EC0-301F-11D3-BF4B-00C04F79EFBC}") = "Castle.DynamicLinqQueryBuilder.Benchmarks", "Castle.DynamicLinqQueryBuilder.Benchmarks\Castle.DynamicLinqQueryBuilder.Benchmarks.csproj", "{442B6170-B76F-4191-B171-2355337B871A}"
EndProject
Global
	GlobalSection(SolutionConfigurationPlatforms) = preSolution
		Debug|Any CPU = Debug|Any CPU
		Debug|x64 = Debug|x64
		Debug|x86 = Debug|x86
		LocalTest|Any CPU = LocalTest|Any CPU
		LocalTest|x64 = LocalTest|x64
		LocalTest|x86 = LocalTest|x86
		Release|Any CPU = Release|Any CPU
		Release|x64 = Release|x64
		Release|x86 = Release|x86
	EndGlobalSection
	GlobalSection(ProjectConfigurationPlatforms) = postSolution
		{C73EA60C-7046-4665-8A79-0E2AA85C43EC}.Debug|Any CPU.ActiveCfg = Debug|Any CPU
		{C73EA60C-7046-4665-8A79-0E2AA85C43EC}.Debug|Any CPU.Build.0 = Debug|Any CPU
		{C73EA60C-7046-4665-8A79-0E2AA85C43EC}.Debug|x64.ActiveCfg = Debug|Any CPU
		{C73EA60C-7046-4665-8A79-0E2AA85C43EC}.Debug|x64.Build.0 = Debug|Any CPU
		{C73EA60C-7046-4665-8A79-0E2AA85C43EC}.Debug|x86.ActiveCfg = Debug|Any CPU
		{C73EA60C-7046-4665-8A79-0E2AA85C43EC}.Debug|x86.Build.0 = Debug|Any CPU
		{C73EA60C-7046-4665-8A79-0E2AA85C43EC}.LocalTest|Any CPU.ActiveCfg = LocalTest|Any CPU
		{C73EA60C-7046-4665-8A79-0E2AA85C43EC}.LocalTest|Any CPU.Build.0 = LocalTest|Any CPU
		{C73EA60C-7046-4665-8A79-0E2AA85C43EC}.LocalTest|x64.ActiveCfg = LocalTest|Any CPU
		{C73EA60C-7046-4665-8A79-0E2AA85C43EC}.LocalTest|x64.Build.0 = LocalTest|Any CPU
		{C73EA60C-7046-4665-8A79-0E2AA85C43EC}.LocalTest|x86.ActiveCfg = LocalTest|Any CPU
		{C73EA60C-7046-4665-8A79-0E2AA85C43EC}.LocalTest|x86.Build.0 = LocalTest|Any CPU
		{C73EA60C-7046-4665-8A79-0E2AA85C43EC}.Release|Any CPU.ActiveCfg = Release|Any CPU
		{C73EA60C-7046-4665-8A79-0E2AA85C43EC}.Release|Any CPU.Build.0 = Release|Any CPU
		{C73EA60C-7046-4665-8A79-0E2AA85C43EC}.Release|x64.ActiveCfg = Release|Any CPU
		{C73EA60C-7046-4665-8A79-0E2AA85C43EC}.Release|x64.Build.0 = Release|Any CPU
		{C73EA60C-7046-4665-8A79-0E2AA85C43EC}.Release|x86.ActiveCfg = Release|Any CPU
		{C73EA60C-7046-4665-8A79-0E2AA85C43EC}.Release|x86.Build.0 = Release|Any CPU
		{22861CF7-71BB-44AF-9630-AC3A59F36838}.Debug|Any CPU.ActiveCfg = Debug|Any CPU
		{22861CF7-71BB-44AF-9630-AC3A59F36838}.Debug|Any CPU.Build.0 = Debug|Any CPU
		{22861CF7-71BB-44AF-9630-AC3A59F36838}.Debug|x64.ActiveCfg = Debug|Any CPU
		{22861CF7-71BB-44AF-9630-AC3A59F36838}.Debug|x64.Build.0 = Debug|Any CPU
		{22861CF7-71BB-44AF-9630-AC3A59F36838}.Debug|x86.ActiveCfg = Debug|Any CPU
		{22861CF7-71BB-44AF-9630-AC3A59F36838}.Debug|x86.Build.0 = Debug|Any CPU
		{22861CF7-71BB-44AF-9630-AC3A59F36838}.LocalTest|Any CPU.ActiveCfg = LocalTest|Any CPU
		{22861CF7-71BB-44AF-9630-AC3A59F36838}.LocalTest|Any CPU.Build.0 = LocalTest|Any CPU
		{22861CF7-71BB-44AF-9630-AC3A59F36838}.LocalTest|x64.ActiveCfg = LocalTest|Any CPU
		{22861CF7-71BB-44AF-9630-AC3A59F36838}.LocalTest|x64.Build.0 = LocalTest|Any CPU
		{22861CF7-71BB-44AF-9630-AC3A59F36838}.LocalTest|x86.ActiveCfg = LocalTest|Any CPU
		{22861CF7-71BB-44AF-9630-AC3A59F36838}.LocalTest|x86.Build.0 = LocalTest|Any CPU
		{22861CF7-71BB-44AF-9630-AC3A59F36838}.Release|Any CPU.ActiveCfg = Release|Any CPU
		{22861CF7-71BB-44AF-9630-AC3A59F36838}.Release|Any CPU.Build.0 = Release|Any CPU
		{22861CF7-71BB-44AF-9630-AC3A59F36838}.Release|x64.ActiveCfg = Release|Any CPU
		{22861CF7-71BB-44AF-9630-AC3A59F36838}.Release|x64.Build.0 = Release|Any CPU
		{22861CF7-71BB-44AF-9630-AC3A59F36838}.Release|x86.ActiveCfg = Release|Any CPU
		{22861CF7-71BB-44AF-9630-AC3A59F36838}.Release|x86.Build.0 = Release|Any CPU
		{09AFE101-7579-423E-B271-1AEFC76DDCD7}.Debug|Any CPU.ActiveCfg = Debug|Any CPU
		{09AFE101-7579-423E-B271-1AEFC76DDCD7}.Debug|Any CPU.Build.0 = Debug|Any CPU
		{09AFE101-7579-423E-B271-1AEFC76DDCD7}.Debug|x64.ActiveCfg = Debug|Any CPU
		{09AFE101-7579-423E-B271-1AEFC76DDCD7}.Debug|x64.Build.0 = Debug|Any CPU
		{09AFE101-7579-423E-B271-1AEFC76DDCD7}.Debug|x86.ActiveCfg = Debug|Any CPU
		{09AFE101-7579-423E-B271-1AEFC76DDCD7}.Debug|x86.Build.0 = Debug|Any CPU
		{09AFE101-7579-423E-B271-1AEFC76DDCD7}.LocalTest|Any CPU.ActiveCfg = LocalTest|Any CPU
		{09AFE101-7579-423E-B271-1AEFC76DDCD7}.LocalTest|Any CPU.Build.0 = LocalTest|Any CPU
		{09AFE101-7579-423E-B271-1AEFC76DDCD7}.LocalTest|x64.ActiveCfg = LocalTest|Any CPU
		{09AFE101-7579-423E-B271-1AEFC76DDCD7}.LocalTest|x64.Build.0 = LocalTest|Any CPU
		{09AFE101-7579-423E-B271-1AEFC76DDCD7}.LocalTest|x86.ActiveCfg = LocalTest|Any CPU
		{09AFE101-7579-423E-B271-1AEFC76DDCD7}.LocalTest|x86.Build.0 = LocalTest|Any CPU
		{09AFE101-7579-423E-B271-1AEFC76DDCD7}.Release|Any CPU.ActiveCfg = Release|Any CPU
		{09AFE101-7579-423E-B271-1AEFC76DDCD7}.Release|Any CPU.Build.0 = Release|Any CPU
		{09AFE101-7579-423E-B271-1AEFC76DDCD7}.Release|x64.ActiveCfg = Release|Any CPU
		{09AFE101-7579-423E-B271-1AEFC76DDCD7}.Release|x64.Build.0 = Release|Any CPU
		{09AFE101-7579-423E-B271-1AEFC76DDCD7}.Release|x86.ActiveCfg = Release|Any CPU
		{09AFE101-7579-423E-B271-1AEFC76DDCD7}.Release|x86.Build.0 = Release|Any CPU
		{442B6170-B76F-4191-B171-2355337B871A}.Debug|Any CPU.ActiveCfg = Debug|Any CPU
		{442B6170-B76F-4191-B171-2355337B871A}.Debug|Any CPU.Build.0 = Debug|Any CPU
		{442B6170-B76F-4191-B171-2355337B871A}.Debug|x64.ActiveCfg = Debug|Any CPU
		{442B6170-B76F-4191-B171-2355337B871A}.Debug|x64.Build.0 = Debug|Any CPU
		{442B6170-B76F-4191-B171-2355337B871A}.Debug|x86.ActiveCfg = Debug|Any CPU
		{442B6170-B76F-4191-B171-2355337B871A}.Debug|x86.Build.0 = Debug|Any CPU
		{442B6170-B76F-4191-B171-2355337B871A}.LocalTest|Any CPU.ActiveCfg = Debug|Any CPU
		{442B6170-B76F-4191-B171-2355337B871A}.LocalTest|Any CPU.Build.0 = Debug|Any CPU
		{442B6170-B76F-4191-B171-2355337B871A}.LocalTest|x64.ActiveCfg = Debug|Any CPU
		{442B6170-B76F-4191-B171-2355337B871A}.LocalTest|x64.Build.0 = Debug|Any CPU
		{442B6170-B76F-4191-B171-2355337B871A}.LocalTest|x86.ActiveCfg = Debug|Any CPU
		{442B6170-B76F-4191-B171-2355337B871A}.LocalTest|x86.Build.0 = Debug|Any CPU
		{442B6170-B76F-4191-B171-2355337B871A}.Release|Any CPU.ActiveCfg = Release|Any CPU
		{442B6170-B76F-4191-B171-2355337B871A}.Release|Any CPU.Build.0 = Release|Any CPU
		{442B6170-B76F-4191-B171-2355337B871A}.Release|x64.ActiveCfg = Release|Any CPU
		{442B6170-B76F-4191-B171-2355337B871A}.Release|x64.Build.0 = Release|Any CPU
		{442B6170-B76F-4191-B171-2355337B871A}.Release|x86.ActiveCfg = Release|Any CPU
		{442B6170-B76F-4191-B171-2355337B871A}.Release|x86.Build.0 = Release|Any CPU
	EndGlobalSection
	GlobalSection(SolutionProperties) = preSolution
		HideSolutionNode = FALSE
	EndGlobalSection
	GlobalSection(ExtensibilityGlobals) = postSolution
		SolutionGuid = {D6D73EB7-5984-40FA-848C-D5DBE5326AB9}
	EndGlobalSection
EndGlobal
