
Microsoft Visual Studio Solution File, Format Version 12.00
# Visual Studio 15
VisualStudioVersion = 14.0.24720.0
MinimumVisualStudioVersion = 10.0.40219.1
Project("{FAE04EC0-301F-11D3-BF4B-00C04F79EFBC}") = "Castle.DynamicLinqQueryBuilder.Tests", "Castle.DynamicLinqQueryBuilder.Tests\Castle.DynamicLinqQueryBuilder.Tests.csproj", "{AA125B72-F684-4DF0-803D-7CE45C0B915F}"
EndProject
Project("{FAE04EC0-301F-11D3-BF4B-00C04F79EFBC}") = "Castle.DynamicLinqQueryBuilder", "Castle.DynamicLinqQueryBuilder\Castle.DynamicLinqQueryBuilder.csproj", "{C73EA60C-7046-4665-8A79-0E2AA85C43EC}"
EndProject
Global
	GlobalSection(SolutionConfigurationPlatforms) = preSolution
		Debug|Any CPU = Debug|Any CPU
		Release|Any CPU = Release|Any CPU
	EndGlobalSection
	GlobalSection(ProjectConfigurationPlatforms) = postSolution
		{AA125B72-F684-4DF0-803D-7CE45C0B915F}.Debug|Any CPU.ActiveCfg = Debug|Any CPU
		{AA125B72-F684-4DF0-803D-7CE45C0B915F}.Debug|Any CPU.Build.0 = Debug|Any CPU
		{AA125B72-F684-4DF0-803D-7CE45C0B915F}.Release|Any CPU.ActiveCfg = Release|Any CPU
		{AA125B72-F684-4DF0-803D-7CE45C0B915F}.Release|Any CPU.Build.0 = Release|Any CPU
		{C73EA60C-7046-4665-8A79-0E2AA85C43EC}.Debug|Any CPU.ActiveCfg = Debug|Any CPU
		{C73EA60C-7046-4665-8A79-0E2AA85C43EC}.Debug|Any CPU.Build.0 = Debug|Any CPU
		{C73EA60C-7046-4665-8A79-0E2AA85C43EC}.Release|Any CPU.ActiveCfg = Release|Any CPU
		{C73EA60C-7046-4665-8A79-0E2AA85C43EC}.Release|Any CPU.Build.0 = Release|Any CPU
	EndGlobalSection
	GlobalSection(SolutionProperties) = preSolution
		HideSolutionNode = FALSE
	EndGlobalSection
EndGlobal
