
Microsoft Visual Studio Solution File, Format Version 12.00
# Visual Studio 14
VisualStudioVersion = 14.0.24720.0
MinimumVisualStudioVersion = 10.0.40219.1
Project("{FAE04EC0-301F-11D3-BF4B-00C04F79EFBC}") = "Castle.DynamicLinqQueryBuilder", "Castle.DynamicLinqQueryBuilder\Castle.DynamicLinqQueryBuilder.csproj", "{C73EA60C-7046-4665-8A79-0E2AA85C43EC}"
EndProject
Project("{FAE04EC0-301F-11D3-BF4B-00C04F79EFBC}") = "Castle.DynamicLinqQueryBuilder.Samples", "Castle.DynamicLinqQueryBuilder.Samples\Castle.DynamicLinqQueryBuilder.Samples.csproj", "{0C128A21-F05D-4966-8EC6-F9292A259AA2}"
EndProject
Global
	GlobalSection(SolutionConfigurationPlatforms) = preSolution
		Debug|Any CPU = Debug|Any CPU
		Release|Any CPU = Release|Any CPU
	EndGlobalSection
	GlobalSection(ProjectConfigurationPlatforms) = postSolution
		{C73EA60C-7046-4665-8A79-0E2AA85C43EC}.Debug|Any CPU.ActiveCfg = Debug|Any CPU
		{C73EA60C-7046-4665-8A79-0E2AA85C43EC}.Debug|Any CPU.Build.0 = Debug|Any CPU
		{C73EA60C-7046-4665-8A79-0E2AA85C43EC}.Release|Any CPU.ActiveCfg = Release|Any CPU
		{C73EA60C-7046-4665-8A79-0E2AA85C43EC}.Release|Any CPU.Build.0 = Release|Any CPU
		{0C128A21-F05D-4966-8EC6-F9292A259AA2}.Debug|Any CPU.ActiveCfg = Debug|Any CPU
		{0C128A21-F05D-4966-8EC6-F9292A259AA2}.Debug|Any CPU.Build.0 = Debug|Any CPU
		{0C128A21-F05D-4966-8EC6-F9292A259AA2}.Release|Any CPU.ActiveCfg = Release|Any CPU
		{0C128A21-F05D-4966-8EC6-F9292A259AA2}.Release|Any CPU.Build.0 = Release|Any CPU
	EndGlobalSection
	GlobalSection(SolutionProperties) = preSolution
		HideSolutionNode = FALSE
	EndGlobalSection
EndGlobal
